
Microsoft Visual Studio Solution File, Format Version 12.00
# Visual Studio Version 17
VisualStudioVersion = 17.4.33603.86
MinimumVisualStudioVersion = 10.0.40219.1
Project("{FAE04EC0-301F-11D3-BF4B-00C04F79EFBC}") = "API", "API\API.csproj", "{26290B54-7413-4918-B4D9-35470775EA39}"
EndProject
Global
	GlobalSection(SolutionConfigurationPlatforms) = preSolution
		Debug|Any CPU = Debug|Any CPU
		Release|Any CPU = Release|Any CPU
	EndGlobalSection
	GlobalSection(ProjectConfigurationPlatforms) = postSolution
		{26290B54-7413-4918-B4D9-35470775EA39}.Debug|Any CPU.ActiveCfg = Debug|Any CPU
		{26290B54-7413-4918-B4D9-35470775EA39}.Debug|Any CPU.Build.0 = Debug|Any CPU
		{26290B54-7413-4918-B4D9-35470775EA39}.Release|Any CPU.ActiveCfg = Release|Any CPU
		{26290B54-7413-4918-B4D9-35470775EA39}.Release|Any CPU.Build.0 = Release|Any CPU
	EndGlobalSection
	GlobalSection(SolutionProperties) = preSolution
		HideSolutionNode = FALSE
	EndGlobalSection
	GlobalSection(ExtensibilityGlobals) = postSolution
		SolutionGuid = {DE5A7B73-F938-4448-A164-0A3801C9D432}
	EndGlobalSection
EndGlobal
