
Microsoft Visual Studio Solution File, Format Version 12.00
# Visual Studio Version 17
VisualStudioVersion = 17.0.32014.148
MinimumVisualStudioVersion = 10.0.40219.1
Project("{9A19103F-16F7-4668-BE54-9A1E7A4F7556}") = "HotelService", "HotelService\HotelService.csproj", "{49B9D08D-2913-4F3F-9D03-ABBAA8C7C557}"
EndProject
Project("{2150E333-8FDC-42A3-9474-1A3956D46DE8}") = "src", "src", "{D78BEB9A-32C5-4B00-9578-9CCCB45A5CA4}"
EndProject
Project("{2150E333-8FDC-42A3-9474-1A3956D46DE8}") = "Hotel", "Hotel", "{0D6FD7BA-0704-4CDF-8C03-E3463676C96F}"
EndProject
Project("{2150E333-8FDC-42A3-9474-1A3956D46DE8}") = "Flight", "Flight", "{FFD82087-4A7B-4102-8A65-D810F2D816F8}"
EndProject
Project("{9A19103F-16F7-4668-BE54-9A1E7A4F7556}") = "HotelService.Consumer", "HotelService.Consumer\HotelService.Consumer.csproj", "{70AD61DA-2FA2-4561-9AB4-AEEE0075278A}"
EndProject
Project("{9A19103F-16F7-4668-BE54-9A1E7A4F7556}") = "HotelService.Infrastructure", "HotelService.Infrastructure\HotelService.Infrastructure.csproj", "{CB65357F-6B92-4F87-8B8C-637B7F91D356}"
EndProject
Project("{9A19103F-16F7-4668-BE54-9A1E7A4F7556}") = "HotelService.Application", "HotelService.Application\HotelService.Application.csproj", "{8C8A91BC-4F71-4859-9446-D47E195ECA50}"
EndProject
Project("{9A19103F-16F7-4668-BE54-9A1E7A4F7556}") = "FlightService.Domain", "FlightService.Domain\FlightService.Domain.csproj", "{912076F5-FFD5-41C1-824D-03954E8D0192}"
EndProject
Project("{9A19103F-16F7-4668-BE54-9A1E7A4F7556}") = "FlightService.Application", "FlightService.Application\FlightService.Application.csproj", "{E4F81B80-31A9-4747-B8D1-DBB080ABF451}"
EndProject
Project("{9A19103F-16F7-4668-BE54-9A1E7A4F7556}") = "FlightService.Infrastructure", "FlightService.Infrastructure\FlightService.Infrastructure.csproj", "{351C7302-D321-4FCE-B6F7-8DA37CAA4A44}"
EndProject
Project("{9A19103F-16F7-4668-BE54-9A1E7A4F7556}") = "FlightService.Consumer", "FlightService.Consumer\FlightService.Consumer.csproj", "{DF4DE33E-967B-47BE-B38C-787983D99396}"
EndProject
Project("{2150E333-8FDC-42A3-9474-1A3956D46DE8}") = "Saga", "Saga", "{7A65FFB1-3343-4630-A625-B33B9AC7B4A8}"
EndProject
Project("{9A19103F-16F7-4668-BE54-9A1E7A4F7556}") = "Saga.Core", "Saga.Core\Saga.Core.csproj", "{1E6FCC0C-A49F-4E1B-8217-7A2DA92D4C6D}"
EndProject
Project("{9A19103F-16F7-4668-BE54-9A1E7A4F7556}") = "Saga.Shared", "Saga.Shared\Saga.Shared.csproj", "{150B137C-2DB1-4050-B778-2D116BAFF058}"
EndProject
Project("{9A19103F-16F7-4668-BE54-9A1E7A4F7556}") = "HotelService.Domain", "HotelService.Domain\HotelService.Domain.csproj", "{66D11892-6F78-4975-8A4D-09663F3CEE88}"
EndProject
Project("{2150E333-8FDC-42A3-9474-1A3956D46DE8}") = "Sagas", "Sagas", "{9FC272EB-B306-4988-913F-D867D7C31EEB}"
EndProject
Project("{9A19103F-16F7-4668-BE54-9A1E7A4F7556}") = "Booking.Saga.Consumer", "Booking.Saga.Consumer\Booking.Saga.Consumer.csproj", "{0D30E619-4E60-4A06-8A6B-704AF659CB36}"
EndProject
Global
	GlobalSection(SolutionConfigurationPlatforms) = preSolution
		Debug|Any CPU = Debug|Any CPU
		Release|Any CPU = Release|Any CPU
	EndGlobalSection
	GlobalSection(ProjectConfigurationPlatforms) = postSolution
		{49B9D08D-2913-4F3F-9D03-ABBAA8C7C557}.Debug|Any CPU.ActiveCfg = Debug|Any CPU
		{49B9D08D-2913-4F3F-9D03-ABBAA8C7C557}.Debug|Any CPU.Build.0 = Debug|Any CPU
		{49B9D08D-2913-4F3F-9D03-ABBAA8C7C557}.Release|Any CPU.ActiveCfg = Release|Any CPU
		{49B9D08D-2913-4F3F-9D03-ABBAA8C7C557}.Release|Any CPU.Build.0 = Release|Any CPU
		{70AD61DA-2FA2-4561-9AB4-AEEE0075278A}.Debug|Any CPU.ActiveCfg = Debug|Any CPU
		{70AD61DA-2FA2-4561-9AB4-AEEE0075278A}.Debug|Any CPU.Build.0 = Debug|Any CPU
		{70AD61DA-2FA2-4561-9AB4-AEEE0075278A}.Release|Any CPU.ActiveCfg = Release|Any CPU
		{70AD61DA-2FA2-4561-9AB4-AEEE0075278A}.Release|Any CPU.Build.0 = Release|Any CPU
		{CB65357F-6B92-4F87-8B8C-637B7F91D356}.Debug|Any CPU.ActiveCfg = Debug|Any CPU
		{CB65357F-6B92-4F87-8B8C-637B7F91D356}.Debug|Any CPU.Build.0 = Debug|Any CPU
		{CB65357F-6B92-4F87-8B8C-637B7F91D356}.Release|Any CPU.ActiveCfg = Release|Any CPU
		{CB65357F-6B92-4F87-8B8C-637B7F91D356}.Release|Any CPU.Build.0 = Release|Any CPU
		{8C8A91BC-4F71-4859-9446-D47E195ECA50}.Debug|Any CPU.ActiveCfg = Debug|Any CPU
		{8C8A91BC-4F71-4859-9446-D47E195ECA50}.Debug|Any CPU.Build.0 = Debug|Any CPU
		{8C8A91BC-4F71-4859-9446-D47E195ECA50}.Release|Any CPU.ActiveCfg = Release|Any CPU
		{8C8A91BC-4F71-4859-9446-D47E195ECA50}.Release|Any CPU.Build.0 = Release|Any CPU
		{912076F5-FFD5-41C1-824D-03954E8D0192}.Debug|Any CPU.ActiveCfg = Debug|Any CPU
		{912076F5-FFD5-41C1-824D-03954E8D0192}.Debug|Any CPU.Build.0 = Debug|Any CPU
		{912076F5-FFD5-41C1-824D-03954E8D0192}.Release|Any CPU.ActiveCfg = Release|Any CPU
		{912076F5-FFD5-41C1-824D-03954E8D0192}.Release|Any CPU.Build.0 = Release|Any CPU
		{E4F81B80-31A9-4747-B8D1-DBB080ABF451}.Debug|Any CPU.ActiveCfg = Debug|Any CPU
		{E4F81B80-31A9-4747-B8D1-DBB080ABF451}.Debug|Any CPU.Build.0 = Debug|Any CPU
		{E4F81B80-31A9-4747-B8D1-DBB080ABF451}.Release|Any CPU.ActiveCfg = Release|Any CPU
		{E4F81B80-31A9-4747-B8D1-DBB080ABF451}.Release|Any CPU.Build.0 = Release|Any CPU
		{351C7302-D321-4FCE-B6F7-8DA37CAA4A44}.Debug|Any CPU.ActiveCfg = Debug|Any CPU
		{351C7302-D321-4FCE-B6F7-8DA37CAA4A44}.Debug|Any CPU.Build.0 = Debug|Any CPU
		{351C7302-D321-4FCE-B6F7-8DA37CAA4A44}.Release|Any CPU.ActiveCfg = Release|Any CPU
		{351C7302-D321-4FCE-B6F7-8DA37CAA4A44}.Release|Any CPU.Build.0 = Release|Any CPU
		{DF4DE33E-967B-47BE-B38C-787983D99396}.Debug|Any CPU.ActiveCfg = Debug|Any CPU
		{DF4DE33E-967B-47BE-B38C-787983D99396}.Debug|Any CPU.Build.0 = Debug|Any CPU
		{DF4DE33E-967B-47BE-B38C-787983D99396}.Release|Any CPU.ActiveCfg = Release|Any CPU
		{DF4DE33E-967B-47BE-B38C-787983D99396}.Release|Any CPU.Build.0 = Release|Any CPU
		{1E6FCC0C-A49F-4E1B-8217-7A2DA92D4C6D}.Debug|Any CPU.ActiveCfg = Debug|Any CPU
		{1E6FCC0C-A49F-4E1B-8217-7A2DA92D4C6D}.Debug|Any CPU.Build.0 = Debug|Any CPU
		{1E6FCC0C-A49F-4E1B-8217-7A2DA92D4C6D}.Release|Any CPU.ActiveCfg = Release|Any CPU
		{1E6FCC0C-A49F-4E1B-8217-7A2DA92D4C6D}.Release|Any CPU.Build.0 = Release|Any CPU
		{150B137C-2DB1-4050-B778-2D116BAFF058}.Debug|Any CPU.ActiveCfg = Debug|Any CPU
		{150B137C-2DB1-4050-B778-2D116BAFF058}.Debug|Any CPU.Build.0 = Debug|Any CPU
		{150B137C-2DB1-4050-B778-2D116BAFF058}.Release|Any CPU.ActiveCfg = Release|Any CPU
		{150B137C-2DB1-4050-B778-2D116BAFF058}.Release|Any CPU.Build.0 = Release|Any CPU
		{66D11892-6F78-4975-8A4D-09663F3CEE88}.Debug|Any CPU.ActiveCfg = Debug|Any CPU
		{66D11892-6F78-4975-8A4D-09663F3CEE88}.Debug|Any CPU.Build.0 = Debug|Any CPU
		{66D11892-6F78-4975-8A4D-09663F3CEE88}.Release|Any CPU.ActiveCfg = Release|Any CPU
		{66D11892-6F78-4975-8A4D-09663F3CEE88}.Release|Any CPU.Build.0 = Release|Any CPU
		{0D30E619-4E60-4A06-8A6B-704AF659CB36}.Debug|Any CPU.ActiveCfg = Debug|Any CPU
		{0D30E619-4E60-4A06-8A6B-704AF659CB36}.Debug|Any CPU.Build.0 = Debug|Any CPU
		{0D30E619-4E60-4A06-8A6B-704AF659CB36}.Release|Any CPU.ActiveCfg = Release|Any CPU
		{0D30E619-4E60-4A06-8A6B-704AF659CB36}.Release|Any CPU.Build.0 = Release|Any CPU
	EndGlobalSection
	GlobalSection(SolutionProperties) = preSolution
		HideSolutionNode = FALSE
	EndGlobalSection
	GlobalSection(NestedProjects) = preSolution
		{49B9D08D-2913-4F3F-9D03-ABBAA8C7C557} = {0D6FD7BA-0704-4CDF-8C03-E3463676C96F}
		{0D6FD7BA-0704-4CDF-8C03-E3463676C96F} = {D78BEB9A-32C5-4B00-9578-9CCCB45A5CA4}
		{FFD82087-4A7B-4102-8A65-D810F2D816F8} = {D78BEB9A-32C5-4B00-9578-9CCCB45A5CA4}
		{70AD61DA-2FA2-4561-9AB4-AEEE0075278A} = {0D6FD7BA-0704-4CDF-8C03-E3463676C96F}
		{CB65357F-6B92-4F87-8B8C-637B7F91D356} = {0D6FD7BA-0704-4CDF-8C03-E3463676C96F}
		{8C8A91BC-4F71-4859-9446-D47E195ECA50} = {0D6FD7BA-0704-4CDF-8C03-E3463676C96F}
		{912076F5-FFD5-41C1-824D-03954E8D0192} = {FFD82087-4A7B-4102-8A65-D810F2D816F8}
		{E4F81B80-31A9-4747-B8D1-DBB080ABF451} = {FFD82087-4A7B-4102-8A65-D810F2D816F8}
		{351C7302-D321-4FCE-B6F7-8DA37CAA4A44} = {FFD82087-4A7B-4102-8A65-D810F2D816F8}
		{DF4DE33E-967B-47BE-B38C-787983D99396} = {FFD82087-4A7B-4102-8A65-D810F2D816F8}
		{7A65FFB1-3343-4630-A625-B33B9AC7B4A8} = {D78BEB9A-32C5-4B00-9578-9CCCB45A5CA4}
		{1E6FCC0C-A49F-4E1B-8217-7A2DA92D4C6D} = {7A65FFB1-3343-4630-A625-B33B9AC7B4A8}
		{150B137C-2DB1-4050-B778-2D116BAFF058} = {7A65FFB1-3343-4630-A625-B33B9AC7B4A8}
		{66D11892-6F78-4975-8A4D-09663F3CEE88} = {0D6FD7BA-0704-4CDF-8C03-E3463676C96F}
		{9FC272EB-B306-4988-913F-D867D7C31EEB} = {D78BEB9A-32C5-4B00-9578-9CCCB45A5CA4}
		{0D30E619-4E60-4A06-8A6B-704AF659CB36} = {9FC272EB-B306-4988-913F-D867D7C31EEB}
	EndGlobalSection
	GlobalSection(ExtensibilityGlobals) = postSolution
		SolutionGuid = {99D3C07F-AA98-4DC2-9600-0013C5BF2AF0}
	EndGlobalSection
EndGlobal
