
Microsoft Visual Studio Solution File, Format Version 12.00
# Visual Studio Version 17
VisualStudioVersion = 17.4.33603.86
MinimumVisualStudioVersion = 10.0.40219.1
Project("{FAE04EC0-301F-11D3-BF4B-00C04F79EFBC}") = "SingleResponsibility", "SingleResponsibility\SingleResponsibility.csproj", "{FF18621F-F208-4A09-A32E-ABB5736FEAD9}"
EndProject
Project("{FAE04EC0-301F-11D3-BF4B-00C04F79EFBC}") = "OpenClosed", "OpenClosed\OpenClosed.csproj", "{A9DF5B04-01FD-4A71-8326-DBD26133A044}"
EndProject
Project("{FAE04EC0-301F-11D3-BF4B-00C04F79EFBC}") = "LiskovSubstitution", "LiskovSubstitution\LiskovSubstitution.csproj", "{6D6174C1-22AB-4F5C-BCF8-23D526C3D2F2}"
EndProject
Project("{FAE04EC0-301F-11D3-BF4B-00C04F79EFBC}") = "InterfaceSegragation", "InterfaceSegragation\InterfaceSegragation.csproj", "{0081BADF-259A-4DF4-A510-373ADB8B74A1}"
EndProject
Project("{FAE04EC0-301F-11D3-BF4B-00C04F79EFBC}") = "DependencyInversion", "DependencyInversion\DependencyInversion.csproj", "{EB149B9A-4042-448A-AEF3-133525DEF9F6}"
EndProject
Global
	GlobalSection(SolutionConfigurationPlatforms) = preSolution
		Debug|Any CPU = Debug|Any CPU
		Release|Any CPU = Release|Any CPU
	EndGlobalSection
	GlobalSection(ProjectConfigurationPlatforms) = postSolution
		{FF18621F-F208-4A09-A32E-ABB5736FEAD9}.Debug|Any CPU.ActiveCfg = Debug|Any CPU
		{FF18621F-F208-4A09-A32E-ABB5736FEAD9}.Debug|Any CPU.Build.0 = Debug|Any CPU
		{FF18621F-F208-4A09-A32E-ABB5736FEAD9}.Release|Any CPU.ActiveCfg = Release|Any CPU
		{FF18621F-F208-4A09-A32E-ABB5736FEAD9}.Release|Any CPU.Build.0 = Release|Any CPU
		{A9DF5B04-01FD-4A71-8326-DBD26133A044}.Debug|Any CPU.ActiveCfg = Debug|Any CPU
		{A9DF5B04-01FD-4A71-8326-DBD26133A044}.Debug|Any CPU.Build.0 = Debug|Any CPU
		{A9DF5B04-01FD-4A71-8326-DBD26133A044}.Release|Any CPU.ActiveCfg = Release|Any CPU
		{A9DF5B04-01FD-4A71-8326-DBD26133A044}.Release|Any CPU.Build.0 = Release|Any CPU
		{6D6174C1-22AB-4F5C-BCF8-23D526C3D2F2}.Debug|Any CPU.ActiveCfg = Debug|Any CPU
		{6D6174C1-22AB-4F5C-BCF8-23D526C3D2F2}.Debug|Any CPU.Build.0 = Debug|Any CPU
		{6D6174C1-22AB-4F5C-BCF8-23D526C3D2F2}.Release|Any CPU.ActiveCfg = Release|Any CPU
		{6D6174C1-22AB-4F5C-BCF8-23D526C3D2F2}.Release|Any CPU.Build.0 = Release|Any CPU
		{0081BADF-259A-4DF4-A510-373ADB8B74A1}.Debug|Any CPU.ActiveCfg = Debug|Any CPU
		{0081BADF-259A-4DF4-A510-373ADB8B74A1}.Debug|Any CPU.Build.0 = Debug|Any CPU
		{0081BADF-259A-4DF4-A510-373ADB8B74A1}.Release|Any CPU.ActiveCfg = Release|Any CPU
		{0081BADF-259A-4DF4-A510-373ADB8B74A1}.Release|Any CPU.Build.0 = Release|Any CPU
		{EB149B9A-4042-448A-AEF3-133525DEF9F6}.Debug|Any CPU.ActiveCfg = Debug|Any CPU
		{EB149B9A-4042-448A-AEF3-133525DEF9F6}.Debug|Any CPU.Build.0 = Debug|Any CPU
		{EB149B9A-4042-448A-AEF3-133525DEF9F6}.Release|Any CPU.ActiveCfg = Release|Any CPU
		{EB149B9A-4042-448A-AEF3-133525DEF9F6}.Release|Any CPU.Build.0 = Release|Any CPU
	EndGlobalSection
	GlobalSection(SolutionProperties) = preSolution
		HideSolutionNode = FALSE
	EndGlobalSection
	GlobalSection(ExtensibilityGlobals) = postSolution
		SolutionGuid = {3C219D3A-9D43-464C-BEDB-0A8C9D5C0F54}
	EndGlobalSection
EndGlobal
