
Microsoft Visual Studio Solution File, Format Version 12.00
# Visual Studio Version 17
VisualStudioVersion = 17.4.33205.214
MinimumVisualStudioVersion = 10.0.40219.1
Project("{FAE04EC0-301F-11D3-BF4B-00C04F79EFBC}") = "NullableReference", "NullableReference\NullableReference.csproj", "{89B22767-0968-418E-AA2B-D4E7C9D64EA9}"
EndProject
Global
	GlobalSection(SolutionConfigurationPlatforms) = preSolution
		Debug|Any CPU = Debug|Any CPU
		Release|Any CPU = Release|Any CPU
	EndGlobalSection
	GlobalSection(ProjectConfigurationPlatforms) = postSolution
		{89B22767-0968-418E-AA2B-D4E7C9D64EA9}.Debug|Any CPU.ActiveCfg = Debug|Any CPU
		{89B22767-0968-418E-AA2B-D4E7C9D64EA9}.Debug|Any CPU.Build.0 = Debug|Any CPU
		{89B22767-0968-418E-AA2B-D4E7C9D64EA9}.Release|Any CPU.ActiveCfg = Release|Any CPU
		{89B22767-0968-418E-AA2B-D4E7C9D64EA9}.Release|Any CPU.Build.0 = Release|Any CPU
	EndGlobalSection
	GlobalSection(SolutionProperties) = preSolution
		HideSolutionNode = FALSE
	EndGlobalSection
	GlobalSection(ExtensibilityGlobals) = postSolution
		SolutionGuid = {48E1EA74-48E1-493D-9F5A-5354DAA5AF8B}
	EndGlobalSection
EndGlobal
